
Microsoft Visual Studio Solution File, Format Version 12.00
# Visual Studio Version 17
VisualStudioVersion = 17.12.35527.113
MinimumVisualStudioVersion = 10.0.40219.1
Project("{FAE04EC0-301F-11D3-BF4B-00C04F79EFBC}") = "Ass1", "Ass1\Ass1.csproj", "{27085ADF-6676-48CD-AC65-4D108174B26A}"
EndProject
Project("{FAE04EC0-301F-11D3-BF4B-00C04F79EFBC}") = "Ass1View", "Ass1View\Ass1View.csproj", "{35933A73-516D-41DB-BCFC-20EAC2E7FDA7}"
EndProject
Global
	GlobalSection(SolutionConfigurationPlatforms) = preSolution
		Debug|Any CPU = Debug|Any CPU
		Release|Any CPU = Release|Any CPU
	EndGlobalSection
	GlobalSection(ProjectConfigurationPlatforms) = postSolution
		{27085ADF-6676-48CD-AC65-4D108174B26A}.Debug|Any CPU.ActiveCfg = Debug|Any CPU
		{27085ADF-6676-48CD-AC65-4D108174B26A}.Debug|Any CPU.Build.0 = Debug|Any CPU
		{27085ADF-6676-48CD-AC65-4D108174B26A}.Release|Any CPU.ActiveCfg = Release|Any CPU
		{27085ADF-6676-48CD-AC65-4D108174B26A}.Release|Any CPU.Build.0 = Release|Any CPU
		{35933A73-516D-41DB-BCFC-20EAC2E7FDA7}.Debug|Any CPU.ActiveCfg = Debug|Any CPU
		{35933A73-516D-41DB-BCFC-20EAC2E7FDA7}.Debug|Any CPU.Build.0 = Debug|Any CPU
		{35933A73-516D-41DB-BCFC-20EAC2E7FDA7}.Release|Any CPU.ActiveCfg = Release|Any CPU
		{35933A73-516D-41DB-BCFC-20EAC2E7FDA7}.Release|Any CPU.Build.0 = Release|Any CPU
	EndGlobalSection
	GlobalSection(SolutionProperties) = preSolution
		HideSolutionNode = FALSE
	EndGlobalSection
	GlobalSection(ExtensibilityGlobals) = postSolution
		SolutionGuid = {DEEB5003-A183-4712-8973-A6B7C85E3EFA}
	EndGlobalSection
EndGlobal
